
Microsoft Visual Studio Solution File, Format Version 12.00
# Visual Studio 2013
VisualStudioVersion = 12.0.30501.0
MinimumVisualStudioVersion = 10.0.40219.1
Project("{8BC9CEB8-8B4A-11D0-8D11-00A0C91BC942}") = "GraphicsEngine", "Graphics\Graphics.vcxproj", "{FACA72D1-952E-4C10-8BD7-B818C4C86CAC}"
EndProject
Project("{8BC9CEB8-8B4A-11D0-8D11-00A0C91BC942}") = "MasterEngine", "MasterEngine\MasterEngine.vcxproj", "{39FE0EF5-DF51-49DF-839D-B953E97D8438}"
EndProject
Global
	GlobalSection(SolutionConfigurationPlatforms) = preSolution
		Debug|Win32 = Debug|Win32
		Release|Win32 = Release|Win32
	EndGlobalSection
	GlobalSection(ProjectConfigurationPlatforms) = postSolution
		{FACA72D1-952E-4C10-8BD7-B818C4C86CAC}.Debug|Win32.ActiveCfg = Debug|Win32
		{FACA72D1-952E-4C10-8BD7-B818C4C86CAC}.Debug|Win32.Build.0 = Debug|Win32
		{FACA72D1-952E-4C10-8BD7-B818C4C86CAC}.Release|Win32.ActiveCfg = Release|Win32
		{FACA72D1-952E-4C10-8BD7-B818C4C86CAC}.Release|Win32.Build.0 = Release|Win32
		{39FE0EF5-DF51-49DF-839D-B953E97D8438}.Debug|Win32.ActiveCfg = Debug|Win32
		{39FE0EF5-DF51-49DF-839D-B953E97D8438}.Debug|Win32.Build.0 = Debug|Win32
		{39FE0EF5-DF51-49DF-839D-B953E97D8438}.Release|Win32.ActiveCfg = Release|Win32
		{39FE0EF5-DF51-49DF-839D-B953E97D8438}.Release|Win32.Build.0 = Release|Win32
	EndGlobalSection
	GlobalSection(SolutionProperties) = preSolution
		HideSolutionNode = FALSE
	EndGlobalSection
EndGlobal
